
Microsoft Visual Studio Solution File, Format Version 12.00
# Visual Studio 2013
VisualStudioVersion = 12.0.30723.0
MinimumVisualStudioVersion = 10.0.40219.1
Project("{FAE04EC0-301F-11D3-BF4B-00C04F79EFBC}") = "api.hotels.co.uk", "api.hotels.co.uk\api.hotels.co.uk.csproj", "{96E27B2A-1968-48B6-9A6B-7C2435EC3123}"
EndProject
Project("{FAE04EC0-301F-11D3-BF4B-00C04F79EFBC}") = "api.laterooms.co.uk", "api.laterooms.co.uk\api.laterooms.co.uk.csproj", "{540961DE-DBAF-41BC-B8C3-834108873B5B}"
EndProject
Project("{FAE04EC0-301F-11D3-BF4B-00C04F79EFBC}") = "core.hotels.co.uk", "core.hotels.co.uk\core.hotels.co.uk.csproj", "{FBEF7B0B-1FCC-4996-97BC-59CD1E412642}"
EndProject
Project("{FAE04EC0-301F-11D3-BF4B-00C04F79EFBC}") = "dtos.laterooms.co.uk", "dtos.laterooms.co.uk\dtos.laterooms.co.uk.csproj", "{50411E0A-EFB2-453B-A9AE-5C6D1CCFA203}"
EndProject
Global
	GlobalSection(SolutionConfigurationPlatforms) = preSolution
		Debug|Any CPU = Debug|Any CPU
		Release|Any CPU = Release|Any CPU
	EndGlobalSection
	GlobalSection(ProjectConfigurationPlatforms) = postSolution
		{96E27B2A-1968-48B6-9A6B-7C2435EC3123}.Debug|Any CPU.ActiveCfg = Debug|Any CPU
		{96E27B2A-1968-48B6-9A6B-7C2435EC3123}.Debug|Any CPU.Build.0 = Debug|Any CPU
		{96E27B2A-1968-48B6-9A6B-7C2435EC3123}.Release|Any CPU.ActiveCfg = Release|Any CPU
		{96E27B2A-1968-48B6-9A6B-7C2435EC3123}.Release|Any CPU.Build.0 = Release|Any CPU
		{540961DE-DBAF-41BC-B8C3-834108873B5B}.Debug|Any CPU.ActiveCfg = Debug|Any CPU
		{540961DE-DBAF-41BC-B8C3-834108873B5B}.Debug|Any CPU.Build.0 = Debug|Any CPU
		{540961DE-DBAF-41BC-B8C3-834108873B5B}.Release|Any CPU.ActiveCfg = Release|Any CPU
		{540961DE-DBAF-41BC-B8C3-834108873B5B}.Release|Any CPU.Build.0 = Release|Any CPU
		{FBEF7B0B-1FCC-4996-97BC-59CD1E412642}.Debug|Any CPU.ActiveCfg = Debug|Any CPU
		{FBEF7B0B-1FCC-4996-97BC-59CD1E412642}.Debug|Any CPU.Build.0 = Debug|Any CPU
		{FBEF7B0B-1FCC-4996-97BC-59CD1E412642}.Release|Any CPU.ActiveCfg = Release|Any CPU
		{FBEF7B0B-1FCC-4996-97BC-59CD1E412642}.Release|Any CPU.Build.0 = Release|Any CPU
		{50411E0A-EFB2-453B-A9AE-5C6D1CCFA203}.Debug|Any CPU.ActiveCfg = Debug|Any CPU
		{50411E0A-EFB2-453B-A9AE-5C6D1CCFA203}.Debug|Any CPU.Build.0 = Debug|Any CPU
		{50411E0A-EFB2-453B-A9AE-5C6D1CCFA203}.Release|Any CPU.ActiveCfg = Release|Any CPU
		{50411E0A-EFB2-453B-A9AE-5C6D1CCFA203}.Release|Any CPU.Build.0 = Release|Any CPU
	EndGlobalSection
	GlobalSection(SolutionProperties) = preSolution
		HideSolutionNode = FALSE
	EndGlobalSection
EndGlobal
