
Microsoft Visual Studio Solution File, Format Version 12.00
# Visual Studio 15
VisualStudioVersion = 15.0.27004.2005
MinimumVisualStudioVersion = 10.0.40219.1
Project("{FAE04EC0-301F-11D3-BF4B-00C04F79EFBC}") = "library.couchbase", "..\core.couchbase\library.couchbase.csproj", "{96A89DBF-00FE-4079-AE95-195824745C91}"
EndProject
Project("{2150E333-8FDC-42A3-9474-1A3956D46DE8}") = "libraries", "libraries", "{377A2A2E-BFA7-4465-B934-E28B3487D738}"
EndProject
Project("{FAE04EC0-301F-11D3-BF4B-00C04F79EFBC}") = "library.azure", "..\library.azure\library.azure.csproj", "{9DAA9E24-01CC-4105-8638-6918C8C86A5F}"
EndProject
Project("{FAE04EC0-301F-11D3-BF4B-00C04F79EFBC}") = "library.caching", "..\library.caching\library.caching.csproj", "{082A4D85-C12F-44F6-8569-12B59C6D2A06}"
EndProject
Project("{FAE04EC0-301F-11D3-BF4B-00C04F79EFBC}") = "library.events", "..\library.events\library.events.csproj", "{624F8F2F-B182-4184-8CB4-5EFA77A0A98E}"
EndProject
Project("{FAE04EC0-301F-11D3-BF4B-00C04F79EFBC}") = "library.expedia", "..\library.expedia\library.expedia.csproj", "{BD56104D-06F8-4784-8385-400634AE7AD4}"
EndProject
Project("{FAE04EC0-301F-11D3-BF4B-00C04F79EFBC}") = "library.foursquare", "..\library.foursquare\library.foursquare.csproj", "{724F8F2F-B182-4184-8CB4-5EFA77A0A98E}"
EndProject
Project("{FAE04EC0-301F-11D3-BF4B-00C04F79EFBC}") = "library.weather", "..\library.weather\library.weather.csproj", "{2D10C643-CD6C-4BFC-BCA5-71DA19ABB93D}"
EndProject
Project("{FAE04EC0-301F-11D3-BF4B-00C04F79EFBC}") = "library.wikipedia", "..\library.wikipedia\library.wikipedia.csproj", "{D10457F4-FF84-49AA-98E4-74D2C19D4DC3}"
EndProject
Project("{FAE04EC0-301F-11D3-BF4B-00C04F79EFBC}") = "library.zomato", "..\library.zomato\library.zomato.csproj", "{AAA59B2B-6EAA-4E76-AE61-D92FB4CA9B97}"
EndProject
Project("{2150E333-8FDC-42A3-9474-1A3956D46DE8}") = "Core", "Core", "{094604AA-A528-4C0E-81EA-6EE308C06854}"
EndProject
Project("{FAE04EC0-301F-11D3-BF4B-00C04F79EFBC}") = "core.customers", "..\core.customers\core.customers.csproj", "{C1E33184-5386-47AA-BACA-DA61005892E5}"
EndProject
Project("{FAE04EC0-301F-11D3-BF4B-00C04F79EFBC}") = "core.deals", "..\core.deals\core.deals.csproj", "{21899B8B-EDF5-4DE8-A2DC-5F320D02966B}"
EndProject
Project("{FAE04EC0-301F-11D3-BF4B-00C04F79EFBC}") = "core.extras", "..\core.extras\core.extras.csproj", "{6FF87C61-E535-423B-A08A-072AB3337C03}"
EndProject
Project("{FAE04EC0-301F-11D3-BF4B-00C04F79EFBC}") = "core.flights", "..\core.flights\core.flights.csproj", "{F4DF4801-9778-46DD-A450-EF2BC02B9ED6}"
EndProject
Project("{FAE04EC0-301F-11D3-BF4B-00C04F79EFBC}") = "core.holidays", "..\core.holidays\core.holidays.csproj", "{851360F0-2226-44F3-8851-9E12A1257C3E}"
EndProject
Project("{FAE04EC0-301F-11D3-BF4B-00C04F79EFBC}") = "core.hotels", "..\core.hotels\core.hotels.csproj", "{FBEF7B0B-1FCC-4996-97BC-59CD1E412642}"
EndProject
Project("{FAE04EC0-301F-11D3-BF4B-00C04F79EFBC}") = "core.places", "..\core.places\core.places.csproj", "{C84790F7-37B6-459E-B2D9-57CF8281E171}"
EndProject
Project("{FAE04EC0-301F-11D3-BF4B-00C04F79EFBC}") = "library.common", "..\library.common\library.common.csproj", "{84B36479-F642-4A11-AC93-36C016765FD2}"
EndProject
Project("{FAE04EC0-301F-11D3-BF4B-00C04F79EFBC}") = "triperoo.apis", "..\triperoo.apis\triperoo.apis.csproj", "{96E27B2A-1968-48B6-9A6B-7C2435EC3123}"
EndProject
Global
	GlobalSection(SolutionConfigurationPlatforms) = preSolution
		Debug|Any CPU = Debug|Any CPU
		Release|Any CPU = Release|Any CPU
	EndGlobalSection
	GlobalSection(ProjectConfigurationPlatforms) = postSolution
		{96A89DBF-00FE-4079-AE95-195824745C91}.Debug|Any CPU.ActiveCfg = Debug|Any CPU
		{96A89DBF-00FE-4079-AE95-195824745C91}.Debug|Any CPU.Build.0 = Debug|Any CPU
		{96A89DBF-00FE-4079-AE95-195824745C91}.Release|Any CPU.ActiveCfg = Release|Any CPU
		{96A89DBF-00FE-4079-AE95-195824745C91}.Release|Any CPU.Build.0 = Release|Any CPU
		{9DAA9E24-01CC-4105-8638-6918C8C86A5F}.Debug|Any CPU.ActiveCfg = Debug|Any CPU
		{9DAA9E24-01CC-4105-8638-6918C8C86A5F}.Debug|Any CPU.Build.0 = Debug|Any CPU
		{9DAA9E24-01CC-4105-8638-6918C8C86A5F}.Release|Any CPU.ActiveCfg = Release|Any CPU
		{9DAA9E24-01CC-4105-8638-6918C8C86A5F}.Release|Any CPU.Build.0 = Release|Any CPU
		{082A4D85-C12F-44F6-8569-12B59C6D2A06}.Debug|Any CPU.ActiveCfg = Debug|Any CPU
		{082A4D85-C12F-44F6-8569-12B59C6D2A06}.Debug|Any CPU.Build.0 = Debug|Any CPU
		{082A4D85-C12F-44F6-8569-12B59C6D2A06}.Release|Any CPU.ActiveCfg = Release|Any CPU
		{082A4D85-C12F-44F6-8569-12B59C6D2A06}.Release|Any CPU.Build.0 = Release|Any CPU
		{624F8F2F-B182-4184-8CB4-5EFA77A0A98E}.Debug|Any CPU.ActiveCfg = Debug|Any CPU
		{624F8F2F-B182-4184-8CB4-5EFA77A0A98E}.Debug|Any CPU.Build.0 = Debug|Any CPU
		{624F8F2F-B182-4184-8CB4-5EFA77A0A98E}.Release|Any CPU.ActiveCfg = Release|Any CPU
		{624F8F2F-B182-4184-8CB4-5EFA77A0A98E}.Release|Any CPU.Build.0 = Release|Any CPU
		{BD56104D-06F8-4784-8385-400634AE7AD4}.Debug|Any CPU.ActiveCfg = Debug|Any CPU
		{BD56104D-06F8-4784-8385-400634AE7AD4}.Debug|Any CPU.Build.0 = Debug|Any CPU
		{BD56104D-06F8-4784-8385-400634AE7AD4}.Release|Any CPU.ActiveCfg = Release|Any CPU
		{BD56104D-06F8-4784-8385-400634AE7AD4}.Release|Any CPU.Build.0 = Release|Any CPU
		{724F8F2F-B182-4184-8CB4-5EFA77A0A98E}.Debug|Any CPU.ActiveCfg = Debug|Any CPU
		{724F8F2F-B182-4184-8CB4-5EFA77A0A98E}.Debug|Any CPU.Build.0 = Debug|Any CPU
		{724F8F2F-B182-4184-8CB4-5EFA77A0A98E}.Release|Any CPU.ActiveCfg = Release|Any CPU
		{724F8F2F-B182-4184-8CB4-5EFA77A0A98E}.Release|Any CPU.Build.0 = Release|Any CPU
		{2D10C643-CD6C-4BFC-BCA5-71DA19ABB93D}.Debug|Any CPU.ActiveCfg = Debug|Any CPU
		{2D10C643-CD6C-4BFC-BCA5-71DA19ABB93D}.Debug|Any CPU.Build.0 = Debug|Any CPU
		{2D10C643-CD6C-4BFC-BCA5-71DA19ABB93D}.Release|Any CPU.ActiveCfg = Release|Any CPU
		{2D10C643-CD6C-4BFC-BCA5-71DA19ABB93D}.Release|Any CPU.Build.0 = Release|Any CPU
		{D10457F4-FF84-49AA-98E4-74D2C19D4DC3}.Debug|Any CPU.ActiveCfg = Debug|Any CPU
		{D10457F4-FF84-49AA-98E4-74D2C19D4DC3}.Debug|Any CPU.Build.0 = Debug|Any CPU
		{D10457F4-FF84-49AA-98E4-74D2C19D4DC3}.Release|Any CPU.ActiveCfg = Release|Any CPU
		{D10457F4-FF84-49AA-98E4-74D2C19D4DC3}.Release|Any CPU.Build.0 = Release|Any CPU
		{AAA59B2B-6EAA-4E76-AE61-D92FB4CA9B97}.Debug|Any CPU.ActiveCfg = Debug|Any CPU
		{AAA59B2B-6EAA-4E76-AE61-D92FB4CA9B97}.Debug|Any CPU.Build.0 = Debug|Any CPU
		{AAA59B2B-6EAA-4E76-AE61-D92FB4CA9B97}.Release|Any CPU.ActiveCfg = Release|Any CPU
		{AAA59B2B-6EAA-4E76-AE61-D92FB4CA9B97}.Release|Any CPU.Build.0 = Release|Any CPU
		{C1E33184-5386-47AA-BACA-DA61005892E5}.Debug|Any CPU.ActiveCfg = Debug|Any CPU
		{C1E33184-5386-47AA-BACA-DA61005892E5}.Debug|Any CPU.Build.0 = Debug|Any CPU
		{C1E33184-5386-47AA-BACA-DA61005892E5}.Release|Any CPU.ActiveCfg = Release|Any CPU
		{C1E33184-5386-47AA-BACA-DA61005892E5}.Release|Any CPU.Build.0 = Release|Any CPU
		{21899B8B-EDF5-4DE8-A2DC-5F320D02966B}.Debug|Any CPU.ActiveCfg = Debug|Any CPU
		{21899B8B-EDF5-4DE8-A2DC-5F320D02966B}.Debug|Any CPU.Build.0 = Debug|Any CPU
		{21899B8B-EDF5-4DE8-A2DC-5F320D02966B}.Release|Any CPU.ActiveCfg = Release|Any CPU
		{21899B8B-EDF5-4DE8-A2DC-5F320D02966B}.Release|Any CPU.Build.0 = Release|Any CPU
		{6FF87C61-E535-423B-A08A-072AB3337C03}.Debug|Any CPU.ActiveCfg = Debug|Any CPU
		{6FF87C61-E535-423B-A08A-072AB3337C03}.Debug|Any CPU.Build.0 = Debug|Any CPU
		{6FF87C61-E535-423B-A08A-072AB3337C03}.Release|Any CPU.ActiveCfg = Release|Any CPU
		{6FF87C61-E535-423B-A08A-072AB3337C03}.Release|Any CPU.Build.0 = Release|Any CPU
		{F4DF4801-9778-46DD-A450-EF2BC02B9ED6}.Debug|Any CPU.ActiveCfg = Debug|Any CPU
		{F4DF4801-9778-46DD-A450-EF2BC02B9ED6}.Debug|Any CPU.Build.0 = Debug|Any CPU
		{F4DF4801-9778-46DD-A450-EF2BC02B9ED6}.Release|Any CPU.ActiveCfg = Release|Any CPU
		{F4DF4801-9778-46DD-A450-EF2BC02B9ED6}.Release|Any CPU.Build.0 = Release|Any CPU
		{851360F0-2226-44F3-8851-9E12A1257C3E}.Debug|Any CPU.ActiveCfg = Debug|Any CPU
		{851360F0-2226-44F3-8851-9E12A1257C3E}.Debug|Any CPU.Build.0 = Debug|Any CPU
		{851360F0-2226-44F3-8851-9E12A1257C3E}.Release|Any CPU.ActiveCfg = Release|Any CPU
		{851360F0-2226-44F3-8851-9E12A1257C3E}.Release|Any CPU.Build.0 = Release|Any CPU
		{FBEF7B0B-1FCC-4996-97BC-59CD1E412642}.Debug|Any CPU.ActiveCfg = Debug|Any CPU
		{FBEF7B0B-1FCC-4996-97BC-59CD1E412642}.Debug|Any CPU.Build.0 = Debug|Any CPU
		{FBEF7B0B-1FCC-4996-97BC-59CD1E412642}.Release|Any CPU.ActiveCfg = Release|Any CPU
		{FBEF7B0B-1FCC-4996-97BC-59CD1E412642}.Release|Any CPU.Build.0 = Release|Any CPU
		{C84790F7-37B6-459E-B2D9-57CF8281E171}.Debug|Any CPU.ActiveCfg = Debug|Any CPU
		{C84790F7-37B6-459E-B2D9-57CF8281E171}.Debug|Any CPU.Build.0 = Debug|Any CPU
		{C84790F7-37B6-459E-B2D9-57CF8281E171}.Release|Any CPU.ActiveCfg = Release|Any CPU
		{C84790F7-37B6-459E-B2D9-57CF8281E171}.Release|Any CPU.Build.0 = Release|Any CPU
		{84B36479-F642-4A11-AC93-36C016765FD2}.Debug|Any CPU.ActiveCfg = Debug|Any CPU
		{84B36479-F642-4A11-AC93-36C016765FD2}.Debug|Any CPU.Build.0 = Debug|Any CPU
		{84B36479-F642-4A11-AC93-36C016765FD2}.Release|Any CPU.ActiveCfg = Release|Any CPU
		{84B36479-F642-4A11-AC93-36C016765FD2}.Release|Any CPU.Build.0 = Release|Any CPU
		{96E27B2A-1968-48B6-9A6B-7C2435EC3123}.Debug|Any CPU.ActiveCfg = Debug|Any CPU
		{96E27B2A-1968-48B6-9A6B-7C2435EC3123}.Debug|Any CPU.Build.0 = Debug|Any CPU
		{96E27B2A-1968-48B6-9A6B-7C2435EC3123}.Release|Any CPU.ActiveCfg = Release|Any CPU
		{96E27B2A-1968-48B6-9A6B-7C2435EC3123}.Release|Any CPU.Build.0 = Release|Any CPU
	EndGlobalSection
	GlobalSection(SolutionProperties) = preSolution
		HideSolutionNode = FALSE
	EndGlobalSection
	GlobalSection(NestedProjects) = preSolution
		{96A89DBF-00FE-4079-AE95-195824745C91} = {377A2A2E-BFA7-4465-B934-E28B3487D738}
		{9DAA9E24-01CC-4105-8638-6918C8C86A5F} = {377A2A2E-BFA7-4465-B934-E28B3487D738}
		{082A4D85-C12F-44F6-8569-12B59C6D2A06} = {377A2A2E-BFA7-4465-B934-E28B3487D738}
		{624F8F2F-B182-4184-8CB4-5EFA77A0A98E} = {377A2A2E-BFA7-4465-B934-E28B3487D738}
		{BD56104D-06F8-4784-8385-400634AE7AD4} = {377A2A2E-BFA7-4465-B934-E28B3487D738}
		{724F8F2F-B182-4184-8CB4-5EFA77A0A98E} = {377A2A2E-BFA7-4465-B934-E28B3487D738}
		{2D10C643-CD6C-4BFC-BCA5-71DA19ABB93D} = {377A2A2E-BFA7-4465-B934-E28B3487D738}
		{D10457F4-FF84-49AA-98E4-74D2C19D4DC3} = {377A2A2E-BFA7-4465-B934-E28B3487D738}
		{AAA59B2B-6EAA-4E76-AE61-D92FB4CA9B97} = {377A2A2E-BFA7-4465-B934-E28B3487D738}
		{C1E33184-5386-47AA-BACA-DA61005892E5} = {094604AA-A528-4C0E-81EA-6EE308C06854}
		{21899B8B-EDF5-4DE8-A2DC-5F320D02966B} = {094604AA-A528-4C0E-81EA-6EE308C06854}
		{6FF87C61-E535-423B-A08A-072AB3337C03} = {094604AA-A528-4C0E-81EA-6EE308C06854}
		{F4DF4801-9778-46DD-A450-EF2BC02B9ED6} = {094604AA-A528-4C0E-81EA-6EE308C06854}
		{851360F0-2226-44F3-8851-9E12A1257C3E} = {094604AA-A528-4C0E-81EA-6EE308C06854}
		{FBEF7B0B-1FCC-4996-97BC-59CD1E412642} = {094604AA-A528-4C0E-81EA-6EE308C06854}
		{C84790F7-37B6-459E-B2D9-57CF8281E171} = {094604AA-A528-4C0E-81EA-6EE308C06854}
		{84B36479-F642-4A11-AC93-36C016765FD2} = {377A2A2E-BFA7-4465-B934-E28B3487D738}
	EndGlobalSection
	GlobalSection(ExtensibilityGlobals) = postSolution
		SolutionGuid = {E165471E-C28F-430D-8499-D5511248365C}
	EndGlobalSection
EndGlobal
